// !$*UTF8*$!
{
	archiveVersion = 1;
	classes = {
	};
	objectVersion = 56;
	objects = {

/* Begin PBXBuildFile section */
		B515DB152A88EC370039FDCF /* DishView.swift in Sources */ = {isa = PBXBuildFile; fileRef = B515DB142A88EC370039FDCF /* DishView.swift */; };
		B515DB172A88EC870039FDCF /* DishViewModel.swift in Sources */ = {isa = PBXBuildFile; fileRef = B515DB162A88EC870039FDCF /* DishViewModel.swift */; };
		B519DB652A9A8D230042F236 /* ImagePicker.swift in Sources */ = {isa = PBXBuildFile; fileRef = B519DB642A9A8D230042F236 /* ImagePicker.swift */; };
		B519DB692A9D22060042F236 /* NavigationTransitions in Frameworks */ = {isa = PBXBuildFile; productRef = B519DB682A9D22060042F236 /* NavigationTransitions */; };
		B5D018912A88083C001E317C /* Dish.swift in Sources */ = {isa = PBXBuildFile; fileRef = B5D018902A88083C001E317C /* Dish.swift */; };
		B5D018952A880C6B001E317C /* DishesView.swift in Sources */ = {isa = PBXBuildFile; fileRef = B5D018942A880C6B001E317C /* DishesView.swift */; };
		B5D018972A880CC7001E317C /* DishesViewModel.swift in Sources */ = {isa = PBXBuildFile; fileRef = B5D018962A880CC7001E317C /* DishesViewModel.swift */; };
		B5E3E8F72A87F8D50073494C /* aresiApp.swift in Sources */ = {isa = PBXBuildFile; fileRef = B5E3E8F62A87F8D50073494C /* aresiApp.swift */; };
		B5E3E8F92A87F8D50073494C /* ContentView.swift in Sources */ = {isa = PBXBuildFile; fileRef = B5E3E8F82A87F8D50073494C /* ContentView.swift */; };
		B5E3E8FB2A87F8D60073494C /* Assets.xcassets in Resources */ = {isa = PBXBuildFile; fileRef = B5E3E8FA2A87F8D60073494C /* Assets.xcassets */; };
		B5E3E8FE2A87F8D60073494C /* Preview Assets.xcassets in Resources */ = {isa = PBXBuildFile; fileRef = B5E3E8FD2A87F8D60073494C /* Preview Assets.xcassets */; };
		B5E3E9082A87F8D60073494C /* aresiTests.swift in Sources */ = {isa = PBXBuildFile; fileRef = B5E3E9072A87F8D60073494C /* aresiTests.swift */; };
		B5E3E9122A87F8D60073494C /* aresiUITests.swift in Sources */ = {isa = PBXBuildFile; fileRef = B5E3E9112A87F8D60073494C /* aresiUITests.swift */; };
		B5E3E9142A87F8D60073494C /* aresiUITestsLaunchTests.swift in Sources */ = {isa = PBXBuildFile; fileRef = B5E3E9132A87F8D60073494C /* aresiUITestsLaunchTests.swift */; };
		B5FD388C2A8D211E001A043D /* PlaygroundView.swift in Sources */ = {isa = PBXBuildFile; fileRef = B5FD388B2A8D211E001A043D /* PlaygroundView.swift */; };
		B5FD388E2A8D26AE001A043D /* EditableText.swift in Sources */ = {isa = PBXBuildFile; fileRef = B5FD388D2A8D26AE001A043D /* EditableText.swift */; };
		B5FD38942A8D4165001A043D /* DishRepository.swift in Sources */ = {isa = PBXBuildFile; fileRef = B5FD38932A8D4165001A043D /* DishRepository.swift */; };
		B5FD38962A8D41EC001A043D /* MockDishRepository.swift in Sources */ = {isa = PBXBuildFile; fileRef = B5FD38952A8D41EC001A043D /* MockDishRepository.swift */; };
		B5FD389A2A8D498D001A043D /* ApplicationContext.swift in Sources */ = {isa = PBXBuildFile; fileRef = B5FD38992A8D498D001A043D /* ApplicationContext.swift */; };
		B5FD389F2A8D715E001A043D /* Localizable.strings in Resources */ = {isa = PBXBuildFile; fileRef = B5FD38A12A8D715E001A043D /* Localizable.strings */; };
		B5FD38A82A8D79FD001A043D /* Title.swift in Sources */ = {isa = PBXBuildFile; fileRef = B5FD38A72A8D79FD001A043D /* Title.swift */; };
		B5FD38AC2A9901CB001A043D /* DishEditView.swift in Sources */ = {isa = PBXBuildFile; fileRef = B5FD38AB2A9901CB001A043D /* DishEditView.swift */; };
		B5FD38AE2A993A9C001A043D /* ImageButton.swift in Sources */ = {isa = PBXBuildFile; fileRef = B5FD38AD2A993A9C001A043D /* ImageButton.swift */; };
		B5FD38B52A9A4E17001A043D /* View+.swift in Sources */ = {isa = PBXBuildFile; fileRef = B5FD38B42A9A4E17001A043D /* View+.swift */; };
		B5FD38B82A9A79B6001A043D /* ViewHeightKey.swift in Sources */ = {isa = PBXBuildFile; fileRef = B5FD38B72A9A79B6001A043D /* ViewHeightKey.swift */; };
/* End PBXBuildFile section */

/* Begin PBXContainerItemProxy section */
		B5E3E9042A87F8D60073494C /* PBXContainerItemProxy */ = {
			isa = PBXContainerItemProxy;
			containerPortal = B5E3E8EB2A87F8D50073494C /* Project object */;
			proxyType = 1;
			remoteGlobalIDString = B5E3E8F22A87F8D50073494C;
			remoteInfo = aresi;
		};
		B5E3E90E2A87F8D60073494C /* PBXContainerItemProxy */ = {
			isa = PBXContainerItemProxy;
			containerPortal = B5E3E8EB2A87F8D50073494C /* Project object */;
			proxyType = 1;
			remoteGlobalIDString = B5E3E8F22A87F8D50073494C;
			remoteInfo = aresi;
		};
/* End PBXContainerItemProxy section */

/* Begin PBXFileReference section */
		B515DB142A88EC370039FDCF /* DishView.swift */ = {isa = PBXFileReference; lastKnownFileType = sourcecode.swift; path = DishView.swift; sourceTree = "<group>"; };
		B515DB162A88EC870039FDCF /* DishViewModel.swift */ = {isa = PBXFileReference; lastKnownFileType = sourcecode.swift; path = DishViewModel.swift; sourceTree = "<group>"; };
		B519DB642A9A8D230042F236 /* ImagePicker.swift */ = {isa = PBXFileReference; lastKnownFileType = sourcecode.swift; path = ImagePicker.swift; sourceTree = "<group>"; };
		B519DB662A9A9D8B0042F236 /* Info.plist */ = {isa = PBXFileReference; lastKnownFileType = text.plist; path = Info.plist; sourceTree = "<group>"; };
		B5D018902A88083C001E317C /* Dish.swift */ = {isa = PBXFileReference; lastKnownFileType = sourcecode.swift; path = Dish.swift; sourceTree = "<group>"; };
		B5D018922A880935001E317C /* README.md */ = {isa = PBXFileReference; lastKnownFileType = net.daringfireball.markdown; path = README.md; sourceTree = "<group>"; };
		B5D018942A880C6B001E317C /* DishesView.swift */ = {isa = PBXFileReference; lastKnownFileType = sourcecode.swift; path = DishesView.swift; sourceTree = "<group>"; };
		B5D018962A880CC7001E317C /* DishesViewModel.swift */ = {isa = PBXFileReference; lastKnownFileType = sourcecode.swift; path = DishesViewModel.swift; sourceTree = "<group>"; };
		B5E3E8F32A87F8D50073494C /* aresi.app */ = {isa = PBXFileReference; explicitFileType = wrapper.application; includeInIndex = 0; path = aresi.app; sourceTree = BUILT_PRODUCTS_DIR; };
		B5E3E8F62A87F8D50073494C /* aresiApp.swift */ = {isa = PBXFileReference; lastKnownFileType = sourcecode.swift; path = aresiApp.swift; sourceTree = "<group>"; };
		B5E3E8F82A87F8D50073494C /* ContentView.swift */ = {isa = PBXFileReference; lastKnownFileType = sourcecode.swift; path = ContentView.swift; sourceTree = "<group>"; };
		B5E3E8FA2A87F8D60073494C /* Assets.xcassets */ = {isa = PBXFileReference; lastKnownFileType = folder.assetcatalog; path = Assets.xcassets; sourceTree = "<group>"; };
		B5E3E8FD2A87F8D60073494C /* Preview Assets.xcassets */ = {isa = PBXFileReference; lastKnownFileType = folder.assetcatalog; path = "Preview Assets.xcassets"; sourceTree = "<group>"; };
		B5E3E9032A87F8D60073494C /* aresiTests.xctest */ = {isa = PBXFileReference; explicitFileType = wrapper.cfbundle; includeInIndex = 0; path = aresiTests.xctest; sourceTree = BUILT_PRODUCTS_DIR; };
		B5E3E9072A87F8D60073494C /* aresiTests.swift */ = {isa = PBXFileReference; lastKnownFileType = sourcecode.swift; path = aresiTests.swift; sourceTree = "<group>"; };
		B5E3E90D2A87F8D60073494C /* aresiUITests.xctest */ = {isa = PBXFileReference; explicitFileType = wrapper.cfbundle; includeInIndex = 0; path = aresiUITests.xctest; sourceTree = BUILT_PRODUCTS_DIR; };
		B5E3E9112A87F8D60073494C /* aresiUITests.swift */ = {isa = PBXFileReference; lastKnownFileType = sourcecode.swift; path = aresiUITests.swift; sourceTree = "<group>"; };
		B5E3E9132A87F8D60073494C /* aresiUITestsLaunchTests.swift */ = {isa = PBXFileReference; lastKnownFileType = sourcecode.swift; path = aresiUITestsLaunchTests.swift; sourceTree = "<group>"; };
		B5FD388B2A8D211E001A043D /* PlaygroundView.swift */ = {isa = PBXFileReference; lastKnownFileType = sourcecode.swift; path = PlaygroundView.swift; sourceTree = "<group>"; };
		B5FD388D2A8D26AE001A043D /* EditableText.swift */ = {isa = PBXFileReference; lastKnownFileType = sourcecode.swift; path = EditableText.swift; sourceTree = "<group>"; };
		B5FD38932A8D4165001A043D /* DishRepository.swift */ = {isa = PBXFileReference; lastKnownFileType = sourcecode.swift; path = DishRepository.swift; sourceTree = "<group>"; };
		B5FD38952A8D41EC001A043D /* MockDishRepository.swift */ = {isa = PBXFileReference; lastKnownFileType = sourcecode.swift; path = MockDishRepository.swift; sourceTree = "<group>"; };
		B5FD38992A8D498D001A043D /* ApplicationContext.swift */ = {isa = PBXFileReference; lastKnownFileType = sourcecode.swift; path = ApplicationContext.swift; sourceTree = "<group>"; };
		B5FD38A02A8D715E001A043D /* de */ = {isa = PBXFileReference; lastKnownFileType = text.plist.strings; name = de; path = de.lproj/Localizable.strings; sourceTree = "<group>"; };
		B5FD38A22A8D7183001A043D /* en */ = {isa = PBXFileReference; lastKnownFileType = text.plist.strings; name = en; path = en.lproj/Localizable.strings; sourceTree = "<group>"; };
		B5FD38A32A8D7186001A043D /* th */ = {isa = PBXFileReference; lastKnownFileType = text.plist.strings; name = th; path = th.lproj/Localizable.strings; sourceTree = "<group>"; };
		B5FD38A72A8D79FD001A043D /* Title.swift */ = {isa = PBXFileReference; lastKnownFileType = sourcecode.swift; path = Title.swift; sourceTree = "<group>"; };
		B5FD38AB2A9901CB001A043D /* DishEditView.swift */ = {isa = PBXFileReference; fileEncoding = 4; lastKnownFileType = sourcecode.swift; path = DishEditView.swift; sourceTree = "<group>"; };
		B5FD38AD2A993A9C001A043D /* ImageButton.swift */ = {isa = PBXFileReference; lastKnownFileType = sourcecode.swift; path = ImageButton.swift; sourceTree = "<group>"; };
		B5FD38B42A9A4E17001A043D /* View+.swift */ = {isa = PBXFileReference; lastKnownFileType = sourcecode.swift; path = "View+.swift"; sourceTree = "<group>"; };
		B5FD38B72A9A79B6001A043D /* ViewHeightKey.swift */ = {isa = PBXFileReference; lastKnownFileType = sourcecode.swift; path = ViewHeightKey.swift; sourceTree = "<group>"; };
/* End PBXFileReference section */

/* Begin PBXFrameworksBuildPhase section */
		B5E3E8F02A87F8D50073494C /* Frameworks */ = {
			isa = PBXFrameworksBuildPhase;
			buildActionMask = 2147483647;
			files = (
				B519DB692A9D22060042F236 /* NavigationTransitions in Frameworks */,
			);
			runOnlyForDeploymentPostprocessing = 0;
		};
		B5E3E9002A87F8D60073494C /* Frameworks */ = {
			isa = PBXFrameworksBuildPhase;
			buildActionMask = 2147483647;
			files = (
			);
			runOnlyForDeploymentPostprocessing = 0;
		};
		B5E3E90A2A87F8D60073494C /* Frameworks */ = {
			isa = PBXFrameworksBuildPhase;
			buildActionMask = 2147483647;
			files = (
			);
			runOnlyForDeploymentPostprocessing = 0;
		};
/* End PBXFrameworksBuildPhase section */

/* Begin PBXGroup section */
		B515DB132A88EC250039FDCF /* dish */ = {
			isa = PBXGroup;
			children = (
				B515DB142A88EC370039FDCF /* DishView.swift */,
				B5FD38AB2A9901CB001A043D /* DishEditView.swift */,
				B515DB162A88EC870039FDCF /* DishViewModel.swift */,
			);
			path = dish;
			sourceTree = "<group>";
		};
		B5D0188B2A87F930001E317C /* pages */ = {
			isa = PBXGroup;
			children = (
				B5FD388A2A8D210C001A043D /* playground */,
				B515DB132A88EC250039FDCF /* dish */,
				B5D018932A880C52001E317C /* dishes */,
			);
			path = pages;
			sourceTree = "<group>";
		};
		B5D0188C2A87F93B001E317C /* components */ = {
			isa = PBXGroup;
			children = (
				B5FD388D2A8D26AE001A043D /* EditableText.swift */,
				B519DB642A9A8D230042F236 /* ImagePicker.swift */,
			);
			path = components;
			sourceTree = "<group>";
		};
		B5D0188E2A880819001E317C /* domain */ = {
			isa = PBXGroup;
			children = (
				B5FD38922A8D4153001A043D /* repositories */,
				B5FD38912A8D413D001A043D /* services */,
				B5D0188F2A880821001E317C /* data */,
			);
			path = domain;
			sourceTree = "<group>";
		};
		B5D0188F2A880821001E317C /* data */ = {
			isa = PBXGroup;
			children = (
				B5D018902A88083C001E317C /* Dish.swift */,
			);
			path = data;
			sourceTree = "<group>";
		};
		B5D018932A880C52001E317C /* dishes */ = {
			isa = PBXGroup;
			children = (
				B5D018942A880C6B001E317C /* DishesView.swift */,
				B5D018962A880CC7001E317C /* DishesViewModel.swift */,
			);
			path = dishes;
			sourceTree = "<group>";
		};
		B5E3E8EA2A87F8D50073494C = {
			isa = PBXGroup;
			children = (
				B5D018922A880935001E317C /* README.md */,
				B5E3E8F52A87F8D50073494C /* aresi */,
				B5E3E9062A87F8D60073494C /* aresiTests */,
				B5E3E9102A87F8D60073494C /* aresiUITests */,
				B5E3E8F42A87F8D50073494C /* Products */,
			);
			sourceTree = "<group>";
		};
		B5E3E8F42A87F8D50073494C /* Products */ = {
			isa = PBXGroup;
			children = (
				B5E3E8F32A87F8D50073494C /* aresi.app */,
				B5E3E9032A87F8D60073494C /* aresiTests.xctest */,
				B5E3E90D2A87F8D60073494C /* aresiUITests.xctest */,
			);
			name = Products;
			sourceTree = "<group>";
		};
		B5E3E8F52A87F8D50073494C /* aresi */ = {
			isa = PBXGroup;
			children = (
				B519DB662A9A9D8B0042F236 /* Info.plist */,
				B5FD38B62A9A79A1001A043D /* swiftui */,
				B5FD38B12A9A4279001A043D /* extensions */,
				B5FD38A62A8D79E5001A043D /* viewmodifier */,
				B5FD38902A8D4127001A043D /* adapters */,
				B5D0188E2A880819001E317C /* domain */,
				B5D0188C2A87F93B001E317C /* components */,
				B5D0188B2A87F930001E317C /* pages */,
				B5E3E8F62A87F8D50073494C /* aresiApp.swift */,
				B5E3E8F82A87F8D50073494C /* ContentView.swift */,
				B5FD38992A8D498D001A043D /* ApplicationContext.swift */,
				B5E3E8FA2A87F8D60073494C /* Assets.xcassets */,
				B5FD38A12A8D715E001A043D /* Localizable.strings */,
				B5E3E8FC2A87F8D60073494C /* Preview Content */,
			);
			path = aresi;
			sourceTree = "<group>";
		};
		B5E3E8FC2A87F8D60073494C /* Preview Content */ = {
			isa = PBXGroup;
			children = (
				B5E3E8FD2A87F8D60073494C /* Preview Assets.xcassets */,
			);
			path = "Preview Content";
			sourceTree = "<group>";
		};
		B5E3E9062A87F8D60073494C /* aresiTests */ = {
			isa = PBXGroup;
			children = (
				B5E3E9072A87F8D60073494C /* aresiTests.swift */,
			);
			path = aresiTests;
			sourceTree = "<group>";
		};
		B5E3E9102A87F8D60073494C /* aresiUITests */ = {
			isa = PBXGroup;
			children = (
				B5E3E9112A87F8D60073494C /* aresiUITests.swift */,
				B5E3E9132A87F8D60073494C /* aresiUITestsLaunchTests.swift */,
			);
			path = aresiUITests;
			sourceTree = "<group>";
		};
		B5FD388A2A8D210C001A043D /* playground */ = {
			isa = PBXGroup;
			children = (
				B5FD388B2A8D211E001A043D /* PlaygroundView.swift */,
			);
			path = playground;
			sourceTree = "<group>";
		};
		B5FD38902A8D4127001A043D /* adapters */ = {
			isa = PBXGroup;
			children = (
				B5FD38952A8D41EC001A043D /* MockDishRepository.swift */,
			);
			path = adapters;
			sourceTree = "<group>";
		};
		B5FD38912A8D413D001A043D /* services */ = {
			isa = PBXGroup;
			children = (
			);
			path = services;
			sourceTree = "<group>";
		};
		B5FD38922A8D4153001A043D /* repositories */ = {
			isa = PBXGroup;
			children = (
				B5FD38932A8D4165001A043D /* DishRepository.swift */,
			);
			path = repositories;
			sourceTree = "<group>";
		};
		B5FD38A62A8D79E5001A043D /* viewmodifier */ = {
			isa = PBXGroup;
			children = (
				B5FD38A72A8D79FD001A043D /* Title.swift */,
				B5FD38AD2A993A9C001A043D /* ImageButton.swift */,
			);
			path = viewmodifier;
			sourceTree = "<group>";
		};
		B5FD38B12A9A4279001A043D /* extensions */ = {
			isa = PBXGroup;
			children = (
				B5FD38B42A9A4E17001A043D /* View+.swift */,
			);
			path = extensions;
			sourceTree = "<group>";
		};
		B5FD38B62A9A79A1001A043D /* swiftui */ = {
			isa = PBXGroup;
			children = (
				B5FD38B72A9A79B6001A043D /* ViewHeightKey.swift */,
			);
			path = swiftui;
			sourceTree = "<group>";
		};
/* End PBXGroup section */

/* Begin PBXNativeTarget section */
		B5E3E8F22A87F8D50073494C /* aresi */ = {
			isa = PBXNativeTarget;
			buildConfigurationList = B5E3E9172A87F8D60073494C /* Build configuration list for PBXNativeTarget "aresi" */;
			buildPhases = (
				B5E3E8EF2A87F8D50073494C /* Sources */,
				B5E3E8F02A87F8D50073494C /* Frameworks */,
				B5E3E8F12A87F8D50073494C /* Resources */,
			);
			buildRules = (
			);
			dependencies = (
			);
			name = aresi;
			packageProductDependencies = (
				B519DB682A9D22060042F236 /* NavigationTransitions */,
			);
			productName = aresi;
			productReference = B5E3E8F32A87F8D50073494C /* aresi.app */;
			productType = "com.apple.product-type.application";
		};
		B5E3E9022A87F8D60073494C /* aresiTests */ = {
			isa = PBXNativeTarget;
			buildConfigurationList = B5E3E91A2A87F8D60073494C /* Build configuration list for PBXNativeTarget "aresiTests" */;
			buildPhases = (
				B5E3E8FF2A87F8D60073494C /* Sources */,
				B5E3E9002A87F8D60073494C /* Frameworks */,
				B5E3E9012A87F8D60073494C /* Resources */,
			);
			buildRules = (
			);
			dependencies = (
				B5E3E9052A87F8D60073494C /* PBXTargetDependency */,
			);
			name = aresiTests;
			productName = aresiTests;
			productReference = B5E3E9032A87F8D60073494C /* aresiTests.xctest */;
			productType = "com.apple.product-type.bundle.unit-test";
		};
		B5E3E90C2A87F8D60073494C /* aresiUITests */ = {
			isa = PBXNativeTarget;
			buildConfigurationList = B5E3E91D2A87F8D60073494C /* Build configuration list for PBXNativeTarget "aresiUITests" */;
			buildPhases = (
				B5E3E9092A87F8D60073494C /* Sources */,
				B5E3E90A2A87F8D60073494C /* Frameworks */,
				B5E3E90B2A87F8D60073494C /* Resources */,
			);
			buildRules = (
			);
			dependencies = (
				B5E3E90F2A87F8D60073494C /* PBXTargetDependency */,
			);
			name = aresiUITests;
			productName = aresiUITests;
			productReference = B5E3E90D2A87F8D60073494C /* aresiUITests.xctest */;
			productType = "com.apple.product-type.bundle.ui-testing";
		};
/* End PBXNativeTarget section */

/* Begin PBXProject section */
		B5E3E8EB2A87F8D50073494C /* Project object */ = {
			isa = PBXProject;
			attributes = {
				BuildIndependentTargetsInParallel = 1;
				LastSwiftUpdateCheck = 1430;
				LastUpgradeCheck = 1430;
				TargetAttributes = {
					B5E3E8F22A87F8D50073494C = {
						CreatedOnToolsVersion = 14.3.1;
					};
					B5E3E9022A87F8D60073494C = {
						CreatedOnToolsVersion = 14.3.1;
						TestTargetID = B5E3E8F22A87F8D50073494C;
					};
					B5E3E90C2A87F8D60073494C = {
						CreatedOnToolsVersion = 14.3.1;
						TestTargetID = B5E3E8F22A87F8D50073494C;
					};
				};
			};
			buildConfigurationList = B5E3E8EE2A87F8D50073494C /* Build configuration list for PBXProject "aresi" */;
			compatibilityVersion = "Xcode 14.0";
			developmentRegion = en;
			hasScannedForEncodings = 0;
			knownRegions = (
				en,
				de,
				Base,
				th,
			);
			mainGroup = B5E3E8EA2A87F8D50073494C;
			packageReferences = (
				B519DB672A9D22060042F236 /* XCRemoteSwiftPackageReference "swiftui-navigation-transitions" */,
			);
			productRefGroup = B5E3E8F42A87F8D50073494C /* Products */;
			projectDirPath = "";
			projectRoot = "";
			targets = (
				B5E3E8F22A87F8D50073494C /* aresi */,
				B5E3E9022A87F8D60073494C /* aresiTests */,
				B5E3E90C2A87F8D60073494C /* aresiUITests */,
			);
		};
/* End PBXProject section */

/* Begin PBXResourcesBuildPhase section */
		B5E3E8F12A87F8D50073494C /* Resources */ = {
			isa = PBXResourcesBuildPhase;
			buildActionMask = 2147483647;
			files = (
				B5E3E8FE2A87F8D60073494C /* Preview Assets.xcassets in Resources */,
				B5FD389F2A8D715E001A043D /* Localizable.strings in Resources */,
				B5E3E8FB2A87F8D60073494C /* Assets.xcassets in Resources */,
			);
			runOnlyForDeploymentPostprocessing = 0;
		};
		B5E3E9012A87F8D60073494C /* Resources */ = {
			isa = PBXResourcesBuildPhase;
			buildActionMask = 2147483647;
			files = (
			);
			runOnlyForDeploymentPostprocessing = 0;
		};
		B5E3E90B2A87F8D60073494C /* Resources */ = {
			isa = PBXResourcesBuildPhase;
			buildActionMask = 2147483647;
			files = (
			);
			runOnlyForDeploymentPostprocessing = 0;
		};
/* End PBXResourcesBuildPhase section */

/* Begin PBXSourcesBuildPhase section */
		B5E3E8EF2A87F8D50073494C /* Sources */ = {
			isa = PBXSourcesBuildPhase;
			buildActionMask = 2147483647;
			files = (
				B5D018972A880CC7001E317C /* DishesViewModel.swift in Sources */,
				B5FD38B52A9A4E17001A043D /* View+.swift in Sources */,
				B5FD38942A8D4165001A043D /* DishRepository.swift in Sources */,
				B5D018952A880C6B001E317C /* DishesView.swift in Sources */,
				B515DB152A88EC370039FDCF /* DishView.swift in Sources */,
				B5D018912A88083C001E317C /* Dish.swift in Sources */,
				B519DB652A9A8D230042F236 /* ImagePicker.swift in Sources */,
				B5E3E8F92A87F8D50073494C /* ContentView.swift in Sources */,
				B5FD389A2A8D498D001A043D /* ApplicationContext.swift in Sources */,
				B5FD38A82A8D79FD001A043D /* Title.swift in Sources */,
				B5FD38B82A9A79B6001A043D /* ViewHeightKey.swift in Sources */,
				B515DB172A88EC870039FDCF /* DishViewModel.swift in Sources */,
				B5FD38AC2A9901CB001A043D /* DishEditView.swift in Sources */,
				B5FD38AE2A993A9C001A043D /* ImageButton.swift in Sources */,
				B5FD38962A8D41EC001A043D /* MockDishRepository.swift in Sources */,
				B5E3E8F72A87F8D50073494C /* aresiApp.swift in Sources */,
				B5FD388E2A8D26AE001A043D /* EditableText.swift in Sources */,
				B5FD388C2A8D211E001A043D /* PlaygroundView.swift in Sources */,
			);
			runOnlyForDeploymentPostprocessing = 0;
		};
		B5E3E8FF2A87F8D60073494C /* Sources */ = {
			isa = PBXSourcesBuildPhase;
			buildActionMask = 2147483647;
			files = (
				B5E3E9082A87F8D60073494C /* aresiTests.swift in Sources */,
			);
			runOnlyForDeploymentPostprocessing = 0;
		};
		B5E3E9092A87F8D60073494C /* Sources */ = {
			isa = PBXSourcesBuildPhase;
			buildActionMask = 2147483647;
			files = (
				B5E3E9122A87F8D60073494C /* aresiUITests.swift in Sources */,
				B5E3E9142A87F8D60073494C /* aresiUITestsLaunchTests.swift in Sources */,
			);
			runOnlyForDeploymentPostprocessing = 0;
		};
/* End PBXSourcesBuildPhase section */

/* Begin PBXTargetDependency section */
		B5E3E9052A87F8D60073494C /* PBXTargetDependency */ = {
			isa = PBXTargetDependency;
			target = B5E3E8F22A87F8D50073494C /* aresi */;
			targetProxy = B5E3E9042A87F8D60073494C /* PBXContainerItemProxy */;
		};
		B5E3E90F2A87F8D60073494C /* PBXTargetDependency */ = {
			isa = PBXTargetDependency;
			target = B5E3E8F22A87F8D50073494C /* aresi */;
			targetProxy = B5E3E90E2A87F8D60073494C /* PBXContainerItemProxy */;
		};
/* End PBXTargetDependency section */

/* Begin PBXVariantGroup section */
		B5FD38A12A8D715E001A043D /* Localizable.strings */ = {
			isa = PBXVariantGroup;
			children = (
				B5FD38A02A8D715E001A043D /* de */,
				B5FD38A22A8D7183001A043D /* en */,
				B5FD38A32A8D7186001A043D /* th */,
			);
			name = Localizable.strings;
			sourceTree = "<group>";
		};
/* End PBXVariantGroup section */

/* Begin XCBuildConfiguration section */
		B5E3E9152A87F8D60073494C /* Debug */ = {
			isa = XCBuildConfiguration;
			buildSettings = {
				ALWAYS_SEARCH_USER_PATHS = NO;
				CLANG_ANALYZER_NONNULL = YES;
				CLANG_ANALYZER_NUMBER_OBJECT_CONVERSION = YES_AGGRESSIVE;
				CLANG_CXX_LANGUAGE_STANDARD = "gnu++20";
				CLANG_ENABLE_MODULES = YES;
				CLANG_ENABLE_OBJC_ARC = YES;
				CLANG_ENABLE_OBJC_WEAK = YES;
				CLANG_WARN_BLOCK_CAPTURE_AUTORELEASING = YES;
				CLANG_WARN_BOOL_CONVERSION = YES;
				CLANG_WARN_COMMA = YES;
				CLANG_WARN_CONSTANT_CONVERSION = YES;
				CLANG_WARN_DEPRECATED_OBJC_IMPLEMENTATIONS = YES;
				CLANG_WARN_DIRECT_OBJC_ISA_USAGE = YES_ERROR;
				CLANG_WARN_DOCUMENTATION_COMMENTS = YES;
				CLANG_WARN_EMPTY_BODY = YES;
				CLANG_WARN_ENUM_CONVERSION = YES;
				CLANG_WARN_INFINITE_RECURSION = YES;
				CLANG_WARN_INT_CONVERSION = YES;
				CLANG_WARN_NON_LITERAL_NULL_CONVERSION = YES;
				CLANG_WARN_OBJC_IMPLICIT_RETAIN_SELF = YES;
				CLANG_WARN_OBJC_LITERAL_CONVERSION = YES;
				CLANG_WARN_OBJC_ROOT_CLASS = YES_ERROR;
				CLANG_WARN_QUOTED_INCLUDE_IN_FRAMEWORK_HEADER = YES;
				CLANG_WARN_RANGE_LOOP_ANALYSIS = YES;
				CLANG_WARN_STRICT_PROTOTYPES = YES;
				CLANG_WARN_SUSPICIOUS_MOVE = YES;
				CLANG_WARN_UNGUARDED_AVAILABILITY = YES_AGGRESSIVE;
				CLANG_WARN_UNREACHABLE_CODE = YES;
				CLANG_WARN__DUPLICATE_METHOD_MATCH = YES;
				COPY_PHASE_STRIP = NO;
				DEBUG_INFORMATION_FORMAT = dwarf;
				ENABLE_STRICT_OBJC_MSGSEND = YES;
				ENABLE_TESTABILITY = YES;
				GCC_C_LANGUAGE_STANDARD = gnu11;
				GCC_DYNAMIC_NO_PIC = NO;
				GCC_NO_COMMON_BLOCKS = YES;
				GCC_OPTIMIZATION_LEVEL = 0;
				GCC_PREPROCESSOR_DEFINITIONS = (
					"DEBUG=1",
					"$(inherited)",
				);
				GCC_WARN_64_TO_32_BIT_CONVERSION = YES;
				GCC_WARN_ABOUT_RETURN_TYPE = YES_ERROR;
				GCC_WARN_UNDECLARED_SELECTOR = YES;
				GCC_WARN_UNINITIALIZED_AUTOS = YES_AGGRESSIVE;
				GCC_WARN_UNUSED_FUNCTION = YES;
				GCC_WARN_UNUSED_VARIABLE = YES;
				IPHONEOS_DEPLOYMENT_TARGET = 16.4;
				MTL_ENABLE_DEBUG_INFO = INCLUDE_SOURCE;
				MTL_FAST_MATH = YES;
				ONLY_ACTIVE_ARCH = YES;
				SDKROOT = iphoneos;
				SWIFT_ACTIVE_COMPILATION_CONDITIONS = DEBUG;
				SWIFT_OPTIMIZATION_LEVEL = "-Onone";
			};
			name = Debug;
		};
		B5E3E9162A87F8D60073494C /* Release */ = {
			isa = XCBuildConfiguration;
			buildSettings = {
				ALWAYS_SEARCH_USER_PATHS = NO;
				CLANG_ANALYZER_NONNULL = YES;
				CLANG_ANALYZER_NUMBER_OBJECT_CONVERSION = YES_AGGRESSIVE;
				CLANG_CXX_LANGUAGE_STANDARD = "gnu++20";
				CLANG_ENABLE_MODULES = YES;
				CLANG_ENABLE_OBJC_ARC = YES;
				CLANG_ENABLE_OBJC_WEAK = YES;
				CLANG_WARN_BLOCK_CAPTURE_AUTORELEASING = YES;
				CLANG_WARN_BOOL_CONVERSION = YES;
				CLANG_WARN_COMMA = YES;
				CLANG_WARN_CONSTANT_CONVERSION = YES;
				CLANG_WARN_DEPRECATED_OBJC_IMPLEMENTATIONS = YES;
				CLANG_WARN_DIRECT_OBJC_ISA_USAGE = YES_ERROR;
				CLANG_WARN_DOCUMENTATION_COMMENTS = YES;
				CLANG_WARN_EMPTY_BODY = YES;
				CLANG_WARN_ENUM_CONVERSION = YES;
				CLANG_WARN_INFINITE_RECURSION = YES;
				CLANG_WARN_INT_CONVERSION = YES;
				CLANG_WARN_NON_LITERAL_NULL_CONVERSION = YES;
				CLANG_WARN_OBJC_IMPLICIT_RETAIN_SELF = YES;
				CLANG_WARN_OBJC_LITERAL_CONVERSION = YES;
				CLANG_WARN_OBJC_ROOT_CLASS = YES_ERROR;
				CLANG_WARN_QUOTED_INCLUDE_IN_FRAMEWORK_HEADER = YES;
				CLANG_WARN_RANGE_LOOP_ANALYSIS = YES;
				CLANG_WARN_STRICT_PROTOTYPES = YES;
				CLANG_WARN_SUSPICIOUS_MOVE = YES;
				CLANG_WARN_UNGUARDED_AVAILABILITY = YES_AGGRESSIVE;
				CLANG_WARN_UNREACHABLE_CODE = YES;
				CLANG_WARN__DUPLICATE_METHOD_MATCH = YES;
				COPY_PHASE_STRIP = NO;
				DEBUG_INFORMATION_FORMAT = "dwarf-with-dsym";
				ENABLE_NS_ASSERTIONS = NO;
				ENABLE_STRICT_OBJC_MSGSEND = YES;
				GCC_C_LANGUAGE_STANDARD = gnu11;
				GCC_NO_COMMON_BLOCKS = YES;
				GCC_WARN_64_TO_32_BIT_CONVERSION = YES;
				GCC_WARN_ABOUT_RETURN_TYPE = YES_ERROR;
				GCC_WARN_UNDECLARED_SELECTOR = YES;
				GCC_WARN_UNINITIALIZED_AUTOS = YES_AGGRESSIVE;
				GCC_WARN_UNUSED_FUNCTION = YES;
				GCC_WARN_UNUSED_VARIABLE = YES;
				IPHONEOS_DEPLOYMENT_TARGET = 16.4;
				MTL_ENABLE_DEBUG_INFO = NO;
				MTL_FAST_MATH = YES;
				SDKROOT = iphoneos;
				SWIFT_COMPILATION_MODE = wholemodule;
				SWIFT_OPTIMIZATION_LEVEL = "-O";
				VALIDATE_PRODUCT = YES;
			};
			name = Release;
		};
		B5E3E9182A87F8D60073494C /* Debug */ = {
			isa = XCBuildConfiguration;
			buildSettings = {
				ASSETCATALOG_COMPILER_APPICON_NAME = AppIcon;
				ASSETCATALOG_COMPILER_GLOBAL_ACCENT_COLOR_NAME = AccentColor;
				CODE_SIGN_STYLE = Automatic;
				CURRENT_PROJECT_VERSION = 1;
				DEVELOPMENT_ASSET_PATHS = "\"aresi/Preview Content\"";
				DEVELOPMENT_TEAM = T7RPPEEAWX;
				ENABLE_PREVIEWS = YES;
				GENERATE_INFOPLIST_FILE = YES;
				INFOPLIST_FILE = aresi/Info.plist;
				INFOPLIST_KEY_NSCameraUsageDescription = "This app wants to take photos from your dishes";
				INFOPLIST_KEY_UIApplicationSceneManifest_Generation = YES;
				INFOPLIST_KEY_UIApplicationSupportsIndirectInputEvents = YES;
				INFOPLIST_KEY_UILaunchScreen_Generation = YES;
				INFOPLIST_KEY_UISupportedInterfaceOrientations_iPad = "UIInterfaceOrientationPortrait UIInterfaceOrientationPortraitUpsideDown UIInterfaceOrientationLandscapeLeft UIInterfaceOrientationLandscapeRight";
				INFOPLIST_KEY_UISupportedInterfaceOrientations_iPhone = "UIInterfaceOrientationPortrait UIInterfaceOrientationLandscapeLeft UIInterfaceOrientationLandscapeRight";
				LD_RUNPATH_SEARCH_PATHS = (
					"$(inherited)",
					"@executable_path/Frameworks",
				);
				MARKETING_VERSION = 1.0;
				PRODUCT_BUNDLE_IDENTIFIER = de.benkeil.aresi;
				PRODUCT_NAME = "$(TARGET_NAME)";
				SWIFT_EMIT_LOC_STRINGS = YES;
				SWIFT_VERSION = 5.0;
				TARGETED_DEVICE_FAMILY = "1,2";
			};
			name = Debug;
		};
		B5E3E9192A87F8D60073494C /* Release */ = {
			isa = XCBuildConfiguration;
			buildSettings = {
				ASSETCATALOG_COMPILER_APPICON_NAME = AppIcon;
				ASSETCATALOG_COMPILER_GLOBAL_ACCENT_COLOR_NAME = AccentColor;
				CODE_SIGN_STYLE = Automatic;
				CURRENT_PROJECT_VERSION = 1;
				DEVELOPMENT_ASSET_PATHS = "\"aresi/Preview Content\"";
				DEVELOPMENT_TEAM = T7RPPEEAWX;
				ENABLE_PREVIEWS = YES;
				GENERATE_INFOPLIST_FILE = YES;
				INFOPLIST_FILE = aresi/Info.plist;
				INFOPLIST_KEY_NSCameraUsageDescription = "This app wants to take photos from your dishes";
				INFOPLIST_KEY_UIApplicationSceneManifest_Generation = YES;
				INFOPLIST_KEY_UIApplicationSupportsIndirectInputEvents = YES;
				INFOPLIST_KEY_UILaunchScreen_Generation = YES;
				INFOPLIST_KEY_UISupportedInterfaceOrientations_iPad = "UIInterfaceOrientationPortrait UIInterfaceOrientationPortraitUpsideDown UIInterfaceOrientationLandscapeLeft UIInterfaceOrientationLandscapeRight";
				INFOPLIST_KEY_UISupportedInterfaceOrientations_iPhone = "UIInterfaceOrientationPortrait UIInterfaceOrientationLandscapeLeft UIInterfaceOrientationLandscapeRight";
				LD_RUNPATH_SEARCH_PATHS = (
					"$(inherited)",
					"@executable_path/Frameworks",
				);
				MARKETING_VERSION = 1.0;
				PRODUCT_BUNDLE_IDENTIFIER = de.benkeil.aresi;
				PRODUCT_NAME = "$(TARGET_NAME)";
				SWIFT_EMIT_LOC_STRINGS = YES;
				SWIFT_VERSION = 5.0;
				TARGETED_DEVICE_FAMILY = "1,2";
			};
			name = Release;
		};
		B5E3E91B2A87F8D60073494C /* Debug */ = {
			isa = XCBuildConfiguration;
			buildSettings = {
				ALWAYS_EMBED_SWIFT_STANDARD_LIBRARIES = YES;
				BUNDLE_LOADER = "$(TEST_HOST)";
				CODE_SIGN_STYLE = Automatic;
				CURRENT_PROJECT_VERSION = 1;
				DEVELOPMENT_TEAM = T7RPPEEAWX;
				GENERATE_INFOPLIST_FILE = YES;
				IPHONEOS_DEPLOYMENT_TARGET = 16.4;
				MARKETING_VERSION = 1.0;
				PRODUCT_BUNDLE_IDENTIFIER = de.benkeil.aresiTests;
				PRODUCT_NAME = "$(TARGET_NAME)";
				SWIFT_EMIT_LOC_STRINGS = NO;
				SWIFT_VERSION = 5.0;
				TARGETED_DEVICE_FAMILY = "1,2";
				TEST_HOST = "$(BUILT_PRODUCTS_DIR)/aresi.app/$(BUNDLE_EXECUTABLE_FOLDER_PATH)/aresi";
			};
			name = Debug;
		};
		B5E3E91C2A87F8D60073494C /* Release */ = {
			isa = XCBuildConfiguration;
			buildSettings = {
				ALWAYS_EMBED_SWIFT_STANDARD_LIBRARIES = YES;
				BUNDLE_LOADER = "$(TEST_HOST)";
				CODE_SIGN_STYLE = Automatic;
				CURRENT_PROJECT_VERSION = 1;
				DEVELOPMENT_TEAM = T7RPPEEAWX;
				GENERATE_INFOPLIST_FILE = YES;
				IPHONEOS_DEPLOYMENT_TARGET = 16.4;
				MARKETING_VERSION = 1.0;
				PRODUCT_BUNDLE_IDENTIFIER = de.benkeil.aresiTests;
				PRODUCT_NAME = "$(TARGET_NAME)";
				SWIFT_EMIT_LOC_STRINGS = NO;
				SWIFT_VERSION = 5.0;
				TARGETED_DEVICE_FAMILY = "1,2";
				TEST_HOST = "$(BUILT_PRODUCTS_DIR)/aresi.app/$(BUNDLE_EXECUTABLE_FOLDER_PATH)/aresi";
			};
			name = Release;
		};
		B5E3E91E2A87F8D60073494C /* Debug */ = {
			isa = XCBuildConfiguration;
			buildSettings = {
				ALWAYS_EMBED_SWIFT_STANDARD_LIBRARIES = YES;
				CODE_SIGN_STYLE = Automatic;
				CURRENT_PROJECT_VERSION = 1;
				DEVELOPMENT_TEAM = T7RPPEEAWX;
				GENERATE_INFOPLIST_FILE = YES;
				MARKETING_VERSION = 1.0;
				PRODUCT_BUNDLE_IDENTIFIER = de.benkeil.aresiUITests;
				PRODUCT_NAME = "$(TARGET_NAME)";
				SWIFT_EMIT_LOC_STRINGS = NO;
				SWIFT_VERSION = 5.0;
				TARGETED_DEVICE_FAMILY = "1,2";
				TEST_TARGET_NAME = aresi;
			};
			name = Debug;
		};
		B5E3E91F2A87F8D60073494C /* Release */ = {
			isa = XCBuildConfiguration;
			buildSettings = {
				ALWAYS_EMBED_SWIFT_STANDARD_LIBRARIES = YES;
				CODE_SIGN_STYLE = Automatic;
				CURRENT_PROJECT_VERSION = 1;
				DEVELOPMENT_TEAM = T7RPPEEAWX;
				GENERATE_INFOPLIST_FILE = YES;
				MARKETING_VERSION = 1.0;
				PRODUCT_BUNDLE_IDENTIFIER = de.benkeil.aresiUITests;
				PRODUCT_NAME = "$(TARGET_NAME)";
				SWIFT_EMIT_LOC_STRINGS = NO;
				SWIFT_VERSION = 5.0;
				TARGETED_DEVICE_FAMILY = "1,2";
				TEST_TARGET_NAME = aresi;
			};
			name = Release;
		};
/* End XCBuildConfiguration section */

/* Begin XCConfigurationList section */
		B5E3E8EE2A87F8D50073494C /* Build configuration list for PBXProject "aresi" */ = {
			isa = XCConfigurationList;
			buildConfigurations = (
				B5E3E9152A87F8D60073494C /* Debug */,
				B5E3E9162A87F8D60073494C /* Release */,
			);
			defaultConfigurationIsVisible = 0;
			defaultConfigurationName = Release;
		};
		B5E3E9172A87F8D60073494C /* Build configuration list for PBXNativeTarget "aresi" */ = {
			isa = XCConfigurationList;
			buildConfigurations = (
				B5E3E9182A87F8D60073494C /* Debug */,
				B5E3E9192A87F8D60073494C /* Release */,
			);
			defaultConfigurationIsVisible = 0;
			defaultConfigurationName = Release;
		};
		B5E3E91A2A87F8D60073494C /* Build configuration list for PBXNativeTarget "aresiTests" */ = {
			isa = XCConfigurationList;
			buildConfigurations = (
				B5E3E91B2A87F8D60073494C /* Debug */,
				B5E3E91C2A87F8D60073494C /* Release */,
			);
			defaultConfigurationIsVisible = 0;
			defaultConfigurationName = Release;
		};
		B5E3E91D2A87F8D60073494C /* Build configuration list for PBXNativeTarget "aresiUITests" */ = {
			isa = XCConfigurationList;
			buildConfigurations = (
				B5E3E91E2A87F8D60073494C /* Debug */,
				B5E3E91F2A87F8D60073494C /* Release */,
			);
			defaultConfigurationIsVisible = 0;
			defaultConfigurationName = Release;
		};
/* End XCConfigurationList section */

/* Begin XCRemoteSwiftPackageReference section */
		B519DB672A9D22060042F236 /* XCRemoteSwiftPackageReference "swiftui-navigation-transitions" */ = {
			isa = XCRemoteSwiftPackageReference;
			repositoryURL = "https://github.com/davdroman/swiftui-navigation-transitions.git";
			requirement = {
				kind = upToNextMajorVersion;
				minimumVersion = 0.11.0;
			};
		};
/* End XCRemoteSwiftPackageReference section */

/* Begin XCSwiftPackageProductDependency section */
		B519DB682A9D22060042F236 /* NavigationTransitions */ = {
			isa = XCSwiftPackageProductDependency;
			package = B519DB672A9D22060042F236 /* XCRemoteSwiftPackageReference "swiftui-navigation-transitions" */;
			productName = NavigationTransitions;
		};
/* End XCSwiftPackageProductDependency section */
	};
	rootObject = B5E3E8EB2A87F8D50073494C /* Project object */;
}
